
Microsoft Visual Studio Solution File, Format Version 12.00
# Visual Studio Version 16
VisualStudioVersion = 16.0.32630.194
MinimumVisualStudioVersion = 10.0.40219.1
Project("{FAE04EC0-301F-11D3-BF4B-00C04F79EFBC}") = "Zetabyte", "Zetabyte.csproj", "{C01159AC-E8C4-4297-83C6-255AC71A7BBF}"
EndProject
Project("{FAE04EC0-301F-11D3-BF4B-00C04F79EFBC}") = "Zeta_Datos", "..\Zeta_Datos\Zeta_Datos.csproj", "{6EB674DC-BD63-4CA5-97C1-3BC936A41E7F}"
EndProject
Project("{FAE04EC0-301F-11D3-BF4B-00C04F79EFBC}") = "Zeta_General", "..\Zeta_General\Zeta_General.csproj", "{3BB3D159-86EA-4CCA-8206-BC228D72F8D9}"
EndProject
Project("{FAE04EC0-301F-11D3-BF4B-00C04F79EFBC}") = "Zeta_LogicaNegocio", "..\Zeta_LogicaNegocio\Zeta_LogicaNegocio.csproj", "{64E7F6FB-3F6D-40A6-932F-8873DF187AA7}"
EndProject
Global
	GlobalSection(SolutionConfigurationPlatforms) = preSolution
		Debug|Any CPU = Debug|Any CPU
		Release|Any CPU = Release|Any CPU
	EndGlobalSection
	GlobalSection(ProjectConfigurationPlatforms) = postSolution
		{C01159AC-E8C4-4297-83C6-255AC71A7BBF}.Debug|Any CPU.ActiveCfg = Debug|Any CPU
		{C01159AC-E8C4-4297-83C6-255AC71A7BBF}.Debug|Any CPU.Build.0 = Debug|Any CPU
		{C01159AC-E8C4-4297-83C6-255AC71A7BBF}.Release|Any CPU.ActiveCfg = Release|Any CPU
		{C01159AC-E8C4-4297-83C6-255AC71A7BBF}.Release|Any CPU.Build.0 = Release|Any CPU
		{6EB674DC-BD63-4CA5-97C1-3BC936A41E7F}.Debug|Any CPU.ActiveCfg = Debug|Any CPU
		{6EB674DC-BD63-4CA5-97C1-3BC936A41E7F}.Debug|Any CPU.Build.0 = Debug|Any CPU
		{6EB674DC-BD63-4CA5-97C1-3BC936A41E7F}.Release|Any CPU.ActiveCfg = Release|Any CPU
		{6EB674DC-BD63-4CA5-97C1-3BC936A41E7F}.Release|Any CPU.Build.0 = Release|Any CPU
		{3BB3D159-86EA-4CCA-8206-BC228D72F8D9}.Debug|Any CPU.ActiveCfg = Debug|Any CPU
		{3BB3D159-86EA-4CCA-8206-BC228D72F8D9}.Debug|Any CPU.Build.0 = Debug|Any CPU
		{3BB3D159-86EA-4CCA-8206-BC228D72F8D9}.Release|Any CPU.ActiveCfg = Release|Any CPU
		{3BB3D159-86EA-4CCA-8206-BC228D72F8D9}.Release|Any CPU.Build.0 = Release|Any CPU
		{64E7F6FB-3F6D-40A6-932F-8873DF187AA7}.Debug|Any CPU.ActiveCfg = Debug|Any CPU
		{64E7F6FB-3F6D-40A6-932F-8873DF187AA7}.Debug|Any CPU.Build.0 = Debug|Any CPU
		{64E7F6FB-3F6D-40A6-932F-8873DF187AA7}.Release|Any CPU.ActiveCfg = Release|Any CPU
		{64E7F6FB-3F6D-40A6-932F-8873DF187AA7}.Release|Any CPU.Build.0 = Release|Any CPU
	EndGlobalSection
	GlobalSection(SolutionProperties) = preSolution
		HideSolutionNode = FALSE
	EndGlobalSection
	GlobalSection(ExtensibilityGlobals) = postSolution
		SolutionGuid = {695DB8A4-2001-454B-AFCB-BA88917C64F8}
	EndGlobalSection
EndGlobal
